{
  "name": "js-test-repo",
  "version": "1.0.0",
  "lockfileVersion": 1,
  "requires": true,
  "dependencies": {
    "bootstrap.native": {
      "version": "4.0.7",
      "resolved": "https://registry.npmjs.org/bootstrap.native/-/bootstrap.native-4.0.7.tgz",
      "integrity": "sha512-Y7fWPIJnyCO8IS8zxASC8T/hGZhZcRWOYoL0aBhalsmcPab/7ZCe4TW4YU3BD3I6dghR5bWeekyODhoxrtuKIA==",
      "requires": {
        "minifill": "^0.0.16",
        "shorter-js": "^0.2.1"
      }
    },
    "minifill": {
      "version": "0.0.16",
      "resolved": "https://registry.npmjs.org/minifill/-/minifill-0.0.16.tgz",
      "integrity": "sha512-ya61lgDqSRlaOVbD8neOkZMpMpmbfCbRewzJ/rfzc9nbisFthip3YcmBBL3fu+gneIKTrzcOG7mDysJh5ZDjqQ=="
    },
    "shorter-js": {
      "version": "0.2.6",
      "resolved": "https://registry.npmjs.org/shorter-js/-/shorter-js-0.2.6.tgz",
      "integrity": "sha512-a5BvPclpulwxZcX22PaEsbggxX98642KBjCtAifZkdKVFHp+XTMxWCIqyLSjO7PbMGb0K+j7AspN3TQs/84+wA=="
    }
  }
}
